{
  "name": "type-graphql-issue-interface-extensions",
  "version": "1.0.0",
  "lockfileVersion": 3,
  "requires": true,
  "packages": {
    "": {
      "name": "type-graphql-issue-interface-extensions",
      "version": "1.0.0",
      "dependencies": {
        "graphql": "^16.10.0",
        "graphql-scalars": "^1.24.1",
        "reflect-metadata": "^0.2.2",
        "type-graphql": "^2.0.0-rc.2"
      },
      "devDependencies": {
        "typescript": "^5.7.3"
      }
    },
    "node_modules/@graphql-yoga/subscription": {
      "version": "5.0.3",
      "resolved": "https://registry.npmjs.org/@graphql-yoga/subscription/-/subscription-5.0.3.tgz",
      "integrity": "sha512-xLGEataxCULjL9rlTCVFL1IW2E90TnDIL+mE4lZBi9X92jc6s+Q+jk6Ax3I98kryCJh0UMiwjit7CaIIczTiJg==",
      "license": "MIT",
      "dependencies": {
        "@graphql-yoga/typed-event-target": "^3.0.2",
        "@repeaterjs/repeater": "^3.0.4",
        "@whatwg-node/events": "^0.1.0",
        "tslib": "^2.8.1"
      },
      "engines": {
        "node": ">=18.0.0"
      }
    },
    "node_modules/@graphql-yoga/typed-event-target": {
      "version": "3.0.2",
      "resolved": "https://registry.npmjs.org/@graphql-yoga/typed-event-target/-/typed-event-target-3.0.2.tgz",
      "integrity": "sha512-ZpJxMqB+Qfe3rp6uszCQoag4nSw42icURnBRfFYSOmTgEeOe4rD0vYlbA8spvCu2TlCesNTlEN9BLWtQqLxabA==",
      "license": "MIT",
      "dependencies": {
        "@repeaterjs/repeater": "^3.0.4",
        "tslib": "^2.8.1"
      },
      "engines": {
        "node": ">=18.0.0"
      }
    },
    "node_modules/@repeaterjs/repeater": {
      "version": "3.0.6",
      "resolved": "https://registry.npmjs.org/@repeaterjs/repeater/-/repeater-3.0.6.tgz",
      "integrity": "sha512-Javneu5lsuhwNCryN+pXH93VPQ8g0dBX7wItHFgYiwQmzE1sVdg5tWHiOgHywzL2W21XQopa7IwIEnNbmeUJYA==",
      "license": "MIT"
    },
    "node_modules/@types/node": {
      "version": "22.13.5",
      "resolved": "https://registry.npmjs.org/@types/node/-/node-22.13.5.tgz",
      "integrity": "sha512-+lTU0PxZXn0Dr1NBtC7Y8cR21AJr87dLLU953CWA6pMxxv/UDc7jYAY90upcrie1nRcD6XNG5HOYEDtgW5TxAg==",
      "license": "MIT",
      "dependencies": {
        "undici-types": "~6.20.0"
      }
    },
    "node_modules/@types/semver": {
      "version": "7.5.8",
      "resolved": "https://registry.npmjs.org/@types/semver/-/semver-7.5.8.tgz",
      "integrity": "sha512-I8EUhyrgfLrcTkzV3TSsGyl1tSuPrEDzr0yd5m90UgNxQkyDXULk3b6MlQqTCpZpNtWe1K0hzclnZkTcLBe2UQ==",
      "license": "MIT"
    },
    "node_modules/@whatwg-node/events": {
      "version": "0.1.2",
      "resolved": "https://registry.npmjs.org/@whatwg-node/events/-/events-0.1.2.tgz",
      "integrity": "sha512-ApcWxkrs1WmEMS2CaLLFUEem/49erT3sxIVjpzU5f6zmVcnijtDSrhoK2zVobOIikZJdH63jdAXOrvjf6eOUNQ==",
      "license": "MIT",
      "dependencies": {
        "tslib": "^2.6.3"
      },
      "engines": {
        "node": ">=18.0.0"
      }
    },
    "node_modules/graphql": {
      "version": "16.10.0",
      "resolved": "https://registry.npmjs.org/graphql/-/graphql-16.10.0.tgz",
      "integrity": "sha512-AjqGKbDGUFRKIRCP9tCKiIGHyriz2oHEbPIbEtcSLSs4YjReZOIPQQWek4+6hjw62H9QShXHyaGivGiYVLeYFQ==",
      "license": "MIT",
      "engines": {
        "node": "^12.22.0 || ^14.16.0 || ^16.0.0 || >=17.0.0"
      }
    },
    "node_modules/graphql-query-complexity": {
      "version": "0.12.0",
      "resolved": "https://registry.npmjs.org/graphql-query-complexity/-/graphql-query-complexity-0.12.0.tgz",
      "integrity": "sha512-fWEyuSL6g/+nSiIRgIipfI6UXTI7bAxrpPlCY1c0+V3pAEUo1ybaKmSBgNr1ed2r+agm1plJww8Loig9y6s2dw==",
      "license": "MIT",
      "dependencies": {
        "lodash.get": "^4.4.2"
      },
      "peerDependencies": {
        "graphql": "^14.6.0 || ^15.0.0 || ^16.0.0"
      }
    },
    "node_modules/graphql-scalars": {
      "version": "1.24.1",
      "resolved": "https://registry.npmjs.org/graphql-scalars/-/graphql-scalars-1.24.1.tgz",
      "integrity": "sha512-3L553TMPh3YpHQM4x9G4tXcyD+AX8QQOYA6tUn1nrNiWEXE0JfAnWdjoe3WGxRuGjnZrzvHDz62q8S+sSGXXwA==",
      "license": "MIT",
      "dependencies": {
        "tslib": "^2.5.0"
      },
      "engines": {
        "node": ">=10"
      },
      "peerDependencies": {
        "graphql": "^0.8.0 || ^0.9.0 || ^0.10.0 || ^0.11.0 || ^0.12.0 || ^0.13.0 || ^14.0.0 || ^15.0.0 || ^16.0.0"
      }
    },
    "node_modules/lodash.get": {
      "version": "4.4.2",
      "resolved": "https://registry.npmjs.org/lodash.get/-/lodash.get-4.4.2.tgz",
      "integrity": "sha512-z+Uw/vLuy6gQe8cfaFWD7p0wVv8fJl3mbzXh33RS+0oW2wvUqiRXiQ69gLWSLpgB5/6sU+r6BlQR0MBILadqTQ==",
      "deprecated": "This package is deprecated. Use the optional chaining (?.) operator instead.",
      "license": "MIT"
    },
    "node_modules/reflect-metadata": {
      "version": "0.2.2",
      "resolved": "https://registry.npmjs.org/reflect-metadata/-/reflect-metadata-0.2.2.tgz",
      "integrity": "sha512-urBwgfrvVP/eAyXx4hluJivBKzuEbSQs9rKWCrCkbSxNv8mxPcUZKeuoF3Uy4mJl3Lwprp6yy5/39VWigZ4K6Q==",
      "license": "Apache-2.0"
    },
    "node_modules/semver": {
      "version": "7.7.1",
      "resolved": "https://registry.npmjs.org/semver/-/semver-7.7.1.tgz",
      "integrity": "sha512-hlq8tAfn0m/61p4BVRcPzIGr6LKiMwo4VM6dGi6pt4qcRkmNzTcWq6eCEjEh+qXjkMDvPlOFFSGwQjoEa6gyMA==",
      "license": "ISC",
      "bin": {
        "semver": "bin/semver.js"
      },
      "engines": {
        "node": ">=10"
      }
    },
    "node_modules/tslib": {
      "version": "2.8.1",
      "resolved": "https://registry.npmjs.org/tslib/-/tslib-2.8.1.tgz",
      "integrity": "sha512-oJFu94HQb+KVduSUQL7wnpmqnfmLsOA/nAh6b6EH0wCEoK0/mPeXU6c3wKDV83MkOuHPRHtSXKKU99IBazS/2w==",
      "license": "0BSD"
    },
    "node_modules/type-graphql": {
      "version": "2.0.0-rc.2",
      "resolved": "https://registry.npmjs.org/type-graphql/-/type-graphql-2.0.0-rc.2.tgz",
      "integrity": "sha512-DJ8erG1cmjteMrOhFIkBHOqRM+L+wCJxvNjbbj1Y+q2r4HZkB1qOSS4ZD4AaoAfRPAp1yU23gMtmzf0jen/FFA==",
      "funding": [
        {
          "type": "github",
          "url": "https://github.com/sponsors/TypeGraphQL"
        },
        {
          "type": "opencollective",
          "url": "https://opencollective.com/typegraphql"
        }
      ],
      "license": "MIT",
      "dependencies": {
        "@graphql-yoga/subscription": "^5.0.0",
        "@types/node": "*",
        "@types/semver": "^7.5.6",
        "graphql-query-complexity": "^0.12.0",
        "semver": "^7.5.4",
        "tslib": "^2.6.2"
      },
      "engines": {
        "node": ">= 18.12.0"
      },
      "peerDependencies": {
        "class-validator": ">=0.14.0",
        "graphql": "^16.8.1",
        "graphql-scalars": "^1.23.0"
      },
      "peerDependenciesMeta": {
        "class-validator": {
          "optional": true
        }
      }
    },
    "node_modules/typescript": {
      "version": "5.7.3",
      "resolved": "https://registry.npmjs.org/typescript/-/typescript-5.7.3.tgz",
      "integrity": "sha512-84MVSjMEHP+FQRPy3pX9sTVV/INIex71s9TL2Gm5FG/WG1SqXeKyZ0k7/blY/4FdOzI12CBy1vGc4og/eus0fw==",
      "dev": true,
      "license": "Apache-2.0",
      "bin": {
        "tsc": "bin/tsc",
        "tsserver": "bin/tsserver"
      },
      "engines": {
        "node": ">=14.17"
      }
    },
    "node_modules/undici-types": {
      "version": "6.20.0",
      "resolved": "https://registry.npmjs.org/undici-types/-/undici-types-6.20.0.tgz",
      "integrity": "sha512-Ny6QZ2Nju20vw1SRHe3d9jVu6gJ+4e3+MMpqu7pqE5HT6WsTSlce++GQmK5UXS8mzV8DSYHrQH+Xrf2jVcuKNg==",
      "license": "MIT"
    }
  }
}
